
Microsoft Visual Studio Solution File, Format Version 12.00
# Visual Studio Version 16
VisualStudioVersion = 16.0.31019.35
MinimumVisualStudioVersion = 10.0.40219.1
Project("{FAE04EC0-301F-11D3-BF4B-00C04F79EFBC}") = "GrpcHelloWorldClient", "GrpcHelloWorldClient\GrpcHelloWorldClient.csproj", "{83CFDC8E-1D5C-4DDA-A59B-B0BB3985D3AB}"
EndProject
Global
	GlobalSection(SolutionConfigurationPlatforms) = preSolution
		Debug|Any CPU = Debug|Any CPU
		Release|Any CPU = Release|Any CPU
	EndGlobalSection
	GlobalSection(ProjectConfigurationPlatforms) = postSolution
		{83CFDC8E-1D5C-4DDA-A59B-B0BB3985D3AB}.Debug|Any CPU.ActiveCfg = Debug|Any CPU
		{83CFDC8E-1D5C-4DDA-A59B-B0BB3985D3AB}.Debug|Any CPU.Build.0 = Debug|Any CPU
		{83CFDC8E-1D5C-4DDA-A59B-B0BB3985D3AB}.Release|Any CPU.ActiveCfg = Release|Any CPU
		{83CFDC8E-1D5C-4DDA-A59B-B0BB3985D3AB}.Release|Any CPU.Build.0 = Release|Any CPU
	EndGlobalSection
	GlobalSection(SolutionProperties) = preSolution
		HideSolutionNode = FALSE
	EndGlobalSection
	GlobalSection(ExtensibilityGlobals) = postSolution
		SolutionGuid = {927591DD-4466-4567-8B41-3BB238619570}
	EndGlobalSection
EndGlobal
