
Microsoft Visual Studio Solution File, Format Version 12.00
# Visual Studio Version 16
VisualStudioVersion = 16.0.31112.23
MinimumVisualStudioVersion = 10.0.40219.1
Project("{9A19103F-16F7-4668-BE54-9A1E7A4F7556}") = "QuizWPF", "QuizWPF\QuizWPF.csproj", "{05C97E2C-CF76-4D69-915A-455B3D9D43A4}"
EndProject
Project("{9A19103F-16F7-4668-BE54-9A1E7A4F7556}") = "QuizLibrary", "QuizLibrary\QuizLibrary.csproj", "{5E5081E0-E22A-4597-B7BB-47450FEFCFB7}"
EndProject
Global
	GlobalSection(SolutionConfigurationPlatforms) = preSolution
		Debug|Any CPU = Debug|Any CPU
		Release|Any CPU = Release|Any CPU
	EndGlobalSection
	GlobalSection(ProjectConfigurationPlatforms) = postSolution
		{05C97E2C-CF76-4D69-915A-455B3D9D43A4}.Debug|Any CPU.ActiveCfg = Debug|Any CPU
		{05C97E2C-CF76-4D69-915A-455B3D9D43A4}.Debug|Any CPU.Build.0 = Debug|Any CPU
		{05C97E2C-CF76-4D69-915A-455B3D9D43A4}.Release|Any CPU.ActiveCfg = Release|Any CPU
		{05C97E2C-CF76-4D69-915A-455B3D9D43A4}.Release|Any CPU.Build.0 = Release|Any CPU
		{5E5081E0-E22A-4597-B7BB-47450FEFCFB7}.Debug|Any CPU.ActiveCfg = Debug|Any CPU
		{5E5081E0-E22A-4597-B7BB-47450FEFCFB7}.Debug|Any CPU.Build.0 = Debug|Any CPU
		{5E5081E0-E22A-4597-B7BB-47450FEFCFB7}.Release|Any CPU.ActiveCfg = Release|Any CPU
		{5E5081E0-E22A-4597-B7BB-47450FEFCFB7}.Release|Any CPU.Build.0 = Release|Any CPU
	EndGlobalSection
	GlobalSection(SolutionProperties) = preSolution
		HideSolutionNode = FALSE
	EndGlobalSection
	GlobalSection(ExtensibilityGlobals) = postSolution
		SolutionGuid = {8081D686-B8C1-4D49-BE4C-277A0ACF8097}
	EndGlobalSection
EndGlobal
