
Microsoft Visual Studio Solution File, Format Version 12.00
# Visual Studio Version 16
VisualStudioVersion = 16.0.31112.23
MinimumVisualStudioVersion = 10.0.40219.1
Project("{9A19103F-16F7-4668-BE54-9A1E7A4F7556}") = "QuizService", "QuizService\QuizService.csproj", "{194E5770-4AA2-4607-912D-953559790F71}"
EndProject
Global
	GlobalSection(SolutionConfigurationPlatforms) = preSolution
		Debug|Any CPU = Debug|Any CPU
		Release|Any CPU = Release|Any CPU
	EndGlobalSection
	GlobalSection(ProjectConfigurationPlatforms) = postSolution
		{194E5770-4AA2-4607-912D-953559790F71}.Debug|Any CPU.ActiveCfg = Debug|Any CPU
		{194E5770-4AA2-4607-912D-953559790F71}.Debug|Any CPU.Build.0 = Debug|Any CPU
		{194E5770-4AA2-4607-912D-953559790F71}.Release|Any CPU.ActiveCfg = Release|Any CPU
		{194E5770-4AA2-4607-912D-953559790F71}.Release|Any CPU.Build.0 = Release|Any CPU
	EndGlobalSection
	GlobalSection(SolutionProperties) = preSolution
		HideSolutionNode = FALSE
	EndGlobalSection
	GlobalSection(ExtensibilityGlobals) = postSolution
		SolutionGuid = {C721D5C4-89E6-4608-A8FE-283BF038FB19}
	EndGlobalSection
EndGlobal
