
Microsoft Visual Studio Solution File, Format Version 12.00
# Visual Studio Version 16
VisualStudioVersion = 16.0.31019.35
MinimumVisualStudioVersion = 10.0.40219.1
Project("{FAE04EC0-301F-11D3-BF4B-00C04F79EFBC}") = "BookClient", "BookClient\BookClient.csproj", "{98A97838-57B6-4D31-AB24-D3110A15D5C7}"
EndProject
Global
	GlobalSection(SolutionConfigurationPlatforms) = preSolution
		Debug|Any CPU = Debug|Any CPU
		Release|Any CPU = Release|Any CPU
	EndGlobalSection
	GlobalSection(ProjectConfigurationPlatforms) = postSolution
		{98A97838-57B6-4D31-AB24-D3110A15D5C7}.Debug|Any CPU.ActiveCfg = Debug|Any CPU
		{98A97838-57B6-4D31-AB24-D3110A15D5C7}.Debug|Any CPU.Build.0 = Debug|Any CPU
		{98A97838-57B6-4D31-AB24-D3110A15D5C7}.Release|Any CPU.ActiveCfg = Release|Any CPU
		{98A97838-57B6-4D31-AB24-D3110A15D5C7}.Release|Any CPU.Build.0 = Release|Any CPU
	EndGlobalSection
	GlobalSection(SolutionProperties) = preSolution
		HideSolutionNode = FALSE
	EndGlobalSection
	GlobalSection(ExtensibilityGlobals) = postSolution
		SolutionGuid = {05CDDEB5-BAE9-457F-BB07-26A8A7F4AE5B}
	EndGlobalSection
EndGlobal
